
Microsoft Visual Studio Solution File, Format Version 12.00
# Visual Studio Version 17
VisualStudioVersion = 17.3.32922.545
MinimumVisualStudioVersion = 10.0.40219.1
Project("{FAE04EC0-301F-11D3-BF4B-00C04F79EFBC}") = "HelpdeskBackEnd", "HelpdeskBackEnd\HelpdeskBackEnd.csproj", "{D3F10D4A-BBDB-4331-A016-27E43232BFBE}"
EndProject
Global
	GlobalSection(SolutionConfigurationPlatforms) = preSolution
		Debug|Any CPU = Debug|Any CPU
		Release|Any CPU = Release|Any CPU
	EndGlobalSection
	GlobalSection(ProjectConfigurationPlatforms) = postSolution
		{D3F10D4A-BBDB-4331-A016-27E43232BFBE}.Debug|Any CPU.ActiveCfg = Debug|Any CPU
		{D3F10D4A-BBDB-4331-A016-27E43232BFBE}.Debug|Any CPU.Build.0 = Debug|Any CPU
		{D3F10D4A-BBDB-4331-A016-27E43232BFBE}.Release|Any CPU.ActiveCfg = Release|Any CPU
		{D3F10D4A-BBDB-4331-A016-27E43232BFBE}.Release|Any CPU.Build.0 = Release|Any CPU
	EndGlobalSection
	GlobalSection(SolutionProperties) = preSolution
		HideSolutionNode = FALSE
	EndGlobalSection
	GlobalSection(ExtensibilityGlobals) = postSolution
		SolutionGuid = {EE461992-5C33-4039-9878-00C1492B3899}
	EndGlobalSection
EndGlobal
